
Microsoft Visual Studio Solution File, Format Version 12.00
# Visual Studio Version 17
VisualStudioVersion = 17.0.31903.59
MinimumVisualStudioVersion = 10.0.40219.1
Project("{2150E333-8FDC-42A3-9474-1A3956D46DE8}") = "src", "src", "{4E4A129F-0116-4411-961F-AD20FE847FE9}"
EndProject
Project("{FAE04EC0-301F-11D3-BF4B-00C04F79EFBC}") = "ToDoApi", "src\ToDoApi\ToDoApi.csproj", "{0455357E-2A13-4BCC-8547-01823ACE1B6E}"
EndProject
Project("{2150E333-8FDC-42A3-9474-1A3956D46DE8}") = "test", "test", "{87882ECE-4F1B-4281-9D86-040B6D6A4B63}"
EndProject
Project("{FAE04EC0-301F-11D3-BF4B-00C04F79EFBC}") = "ToDoApi.test", "test\ToDoApi.test\ToDoApi.test.csproj", "{227DA302-6233-4B65-9AE4-1471C787A2CC}"
EndProject
Global
	GlobalSection(SolutionConfigurationPlatforms) = preSolution
		Debug|Any CPU = Debug|Any CPU
		Release|Any CPU = Release|Any CPU
	EndGlobalSection
	GlobalSection(SolutionProperties) = preSolution
		HideSolutionNode = FALSE
	EndGlobalSection
	GlobalSection(ProjectConfigurationPlatforms) = postSolution
		{0455357E-2A13-4BCC-8547-01823ACE1B6E}.Debug|Any CPU.ActiveCfg = Debug|Any CPU
		{0455357E-2A13-4BCC-8547-01823ACE1B6E}.Debug|Any CPU.Build.0 = Debug|Any CPU
		{0455357E-2A13-4BCC-8547-01823ACE1B6E}.Release|Any CPU.ActiveCfg = Release|Any CPU
		{0455357E-2A13-4BCC-8547-01823ACE1B6E}.Release|Any CPU.Build.0 = Release|Any CPU
		{227DA302-6233-4B65-9AE4-1471C787A2CC}.Debug|Any CPU.ActiveCfg = Debug|Any CPU
		{227DA302-6233-4B65-9AE4-1471C787A2CC}.Debug|Any CPU.Build.0 = Debug|Any CPU
		{227DA302-6233-4B65-9AE4-1471C787A2CC}.Release|Any CPU.ActiveCfg = Release|Any CPU
		{227DA302-6233-4B65-9AE4-1471C787A2CC}.Release|Any CPU.Build.0 = Release|Any CPU
	EndGlobalSection
	GlobalSection(NestedProjects) = preSolution
		{0455357E-2A13-4BCC-8547-01823ACE1B6E} = {4E4A129F-0116-4411-961F-AD20FE847FE9}
		{227DA302-6233-4B65-9AE4-1471C787A2CC} = {87882ECE-4F1B-4281-9D86-040B6D6A4B63}
	EndGlobalSection
EndGlobal
